
Microsoft Visual Studio Solution File, Format Version 12.00
# Visual Studio Version 16
VisualStudioVersion = 16.0.30204.135
MinimumVisualStudioVersion = 10.0.40219.1
Project("{FAE04EC0-301F-11D3-BF4B-00C04F79EFBC}") = "EmployeeManagement.Models", "EmployeeManagement.Models\EmployeeManagement.Models.csproj", "{F102F86A-C207-4C19-AE86-922AE1F03B1D}"
EndProject
Project("{FAE04EC0-301F-11D3-BF4B-00C04F79EFBC}") = "EmployeeManagement.Web", "EmployeeManagement.Web\EmployeeManagement.Web.csproj", "{E2F9A1C2-BF18-482B-B785-31F3285AFF4A}"
EndProject
Global
	GlobalSection(SolutionConfigurationPlatforms) = preSolution
		Debug|Any CPU = Debug|Any CPU
		Release|Any CPU = Release|Any CPU
	EndGlobalSection
	GlobalSection(ProjectConfigurationPlatforms) = postSolution
		{F102F86A-C207-4C19-AE86-922AE1F03B1D}.Debug|Any CPU.ActiveCfg = Debug|Any CPU
		{F102F86A-C207-4C19-AE86-922AE1F03B1D}.Debug|Any CPU.Build.0 = Debug|Any CPU
		{F102F86A-C207-4C19-AE86-922AE1F03B1D}.Release|Any CPU.ActiveCfg = Release|Any CPU
		{F102F86A-C207-4C19-AE86-922AE1F03B1D}.Release|Any CPU.Build.0 = Release|Any CPU
		{E2F9A1C2-BF18-482B-B785-31F3285AFF4A}.Debug|Any CPU.ActiveCfg = Debug|Any CPU
		{E2F9A1C2-BF18-482B-B785-31F3285AFF4A}.Debug|Any CPU.Build.0 = Debug|Any CPU
		{E2F9A1C2-BF18-482B-B785-31F3285AFF4A}.Release|Any CPU.ActiveCfg = Release|Any CPU
		{E2F9A1C2-BF18-482B-B785-31F3285AFF4A}.Release|Any CPU.Build.0 = Release|Any CPU
	EndGlobalSection
	GlobalSection(SolutionProperties) = preSolution
		HideSolutionNode = FALSE
	EndGlobalSection
	GlobalSection(ExtensibilityGlobals) = postSolution
		SolutionGuid = {E04ACF50-1432-4E52-A675-C3B679144A14}
	EndGlobalSection
EndGlobal
