
Microsoft Visual Studio Solution File, Format Version 12.00
# Visual Studio Version 16
VisualStudioVersion = 16.0.30204.135
MinimumVisualStudioVersion = 10.0.40219.1
Project("{9A19103F-16F7-4668-BE54-9A1E7A4F7556}") = "EmployeeManagement.Models", "EmployeeManagement.Models\EmployeeManagement.Models.csproj", "{F102F86A-C207-4C19-AE86-922AE1F03B1D}"
EndProject
Project("{9A19103F-16F7-4668-BE54-9A1E7A4F7556}") = "EmployeeManagement.Web", "EmployeeManagement.Web\EmployeeManagement.Web.csproj", "{E2F9A1C2-BF18-482B-B785-31F3285AFF4A}"
EndProject
Project("{9A19103F-16F7-4668-BE54-9A1E7A4F7556}") = "EmployeeManagement.Api", "EmployeeManagement.Api\EmployeeManagement.Api.csproj", "{89365A4E-F4CA-484B-92ED-9728F71BEB4F}"
EndProject
Project("{FAE04EC0-301F-11D3-BF4B-00C04F79EFBC}") = "Reusable.Components", "Reusable.Components\Reusable.Components.csproj", "{CCF58B86-4D13-4C15-939D-9F0EA623975E}"
EndProject
Global
	GlobalSection(SolutionConfigurationPlatforms) = preSolution
		Debug|Any CPU = Debug|Any CPU
		Release|Any CPU = Release|Any CPU
	EndGlobalSection
	GlobalSection(ProjectConfigurationPlatforms) = postSolution
		{F102F86A-C207-4C19-AE86-922AE1F03B1D}.Debug|Any CPU.ActiveCfg = Debug|Any CPU
		{F102F86A-C207-4C19-AE86-922AE1F03B1D}.Debug|Any CPU.Build.0 = Debug|Any CPU
		{F102F86A-C207-4C19-AE86-922AE1F03B1D}.Release|Any CPU.ActiveCfg = Release|Any CPU
		{F102F86A-C207-4C19-AE86-922AE1F03B1D}.Release|Any CPU.Build.0 = Release|Any CPU
		{E2F9A1C2-BF18-482B-B785-31F3285AFF4A}.Debug|Any CPU.ActiveCfg = Debug|Any CPU
		{E2F9A1C2-BF18-482B-B785-31F3285AFF4A}.Debug|Any CPU.Build.0 = Debug|Any CPU
		{E2F9A1C2-BF18-482B-B785-31F3285AFF4A}.Release|Any CPU.ActiveCfg = Release|Any CPU
		{E2F9A1C2-BF18-482B-B785-31F3285AFF4A}.Release|Any CPU.Build.0 = Release|Any CPU
		{89365A4E-F4CA-484B-92ED-9728F71BEB4F}.Debug|Any CPU.ActiveCfg = Debug|Any CPU
		{89365A4E-F4CA-484B-92ED-9728F71BEB4F}.Debug|Any CPU.Build.0 = Debug|Any CPU
		{89365A4E-F4CA-484B-92ED-9728F71BEB4F}.Release|Any CPU.ActiveCfg = Release|Any CPU
		{89365A4E-F4CA-484B-92ED-9728F71BEB4F}.Release|Any CPU.Build.0 = Release|Any CPU
		{CCF58B86-4D13-4C15-939D-9F0EA623975E}.Debug|Any CPU.ActiveCfg = Debug|Any CPU
		{CCF58B86-4D13-4C15-939D-9F0EA623975E}.Debug|Any CPU.Build.0 = Debug|Any CPU
		{CCF58B86-4D13-4C15-939D-9F0EA623975E}.Release|Any CPU.ActiveCfg = Release|Any CPU
		{CCF58B86-4D13-4C15-939D-9F0EA623975E}.Release|Any CPU.Build.0 = Release|Any CPU
	EndGlobalSection
	GlobalSection(SolutionProperties) = preSolution
		HideSolutionNode = FALSE
	EndGlobalSection
	GlobalSection(ExtensibilityGlobals) = postSolution
		SolutionGuid = {E04ACF50-1432-4E52-A675-C3B679144A14}
	EndGlobalSection
EndGlobal
